PODS:
  - ABKeyboardAccessory (0.1.0)
  - ABMediaView (0.4.1)
  - ABUtils (0.1.4)
  - ABVolumeControl (0.1.1)

DEPENDENCIES:
  - ABKeyboardAccessory
  - ABMediaView
  - ABUtils
  - ABVolumeControl

SPEC CHECKSUMS:
  ABKeyboardAccessory: 29a2314f09d392b46498110eef3a9c99445159fb
  ABMediaView: 9a3d226775c4fa3e27c988068d5822cfd453531b
  ABUtils: 92797d216600b2b0016566ca3886933c5a281101
  ABVolumeControl: 781215146c6d46476c8b0f5e92b420ddd60eeea0

PODFILE CHECKSUM: ce1388928890c89d610ee29ab2e45463c422cb84

COCOAPODS: 1.2.0
